// !$*UTF8*$!
{
	archiveVersion = 1;
	classes = {
	};
	objectVersion = 77;
	objects = {

/* Begin PBXBuildFile section */
		F2471E9F2EBCDD4800248DED /* FirebaseAnalytics in Frameworks */ = {isa = PBXBuildFile; productRef = F2471E9E2EBCDD4800248DED /* FirebaseAnalytics */; };
		F2471EA12EBCDD4800248DED /* FirebaseAnalyticsCore in Frameworks */ = {isa = PBXBuildFile; productRef = F2471EA02EBCDD4800248DED /* FirebaseAnalyticsCore */; };
		F2471EA32EBCDD4800248DED /* FirebaseAnalyticsIdentitySupport in Frameworks */ = {isa = PBXBuildFile; productRef = F2471EA22EBCDD4800248DED /* FirebaseAnalyticsIdentitySupport */; };
		F2471EA52EBCDD4800248DED /* FirebaseAppCheck in Frameworks */ = {isa = PBXBuildFile; productRef = F2471EA42EBCDD4800248DED /* FirebaseAppCheck */; };
		F2471EA72EBCDD4800248DED /* FirebaseAppDistribution-Beta in Frameworks */ = {isa = PBXBuildFile; productRef = F2471EA62EBCDD4800248DED /* FirebaseAppDistribution-Beta */; };
		F2471EA92EBCDD4800248DED /* FirebaseAuth in Frameworks */ = {isa = PBXBuildFile; productRef = F2471EA82EBCDD4800248DED /* FirebaseAuth */; };
		F2471EAB2EBCDD4800248DED /* FirebaseAuthCombine-Community in Frameworks */ = {isa = PBXBuildFile; productRef = F2471EAA2EBCDD4800248DED /* FirebaseAuthCombine-Community */; };
		F2471EAD2EBCDD4800248DED /* FirebaseCore in Frameworks */ = {isa = PBXBuildFile; productRef = F2471EAC2EBCDD4800248DED /* FirebaseCore */; };
		F2471EAF2EBCDD4800248DED /* FirebaseCrashlytics in Frameworks */ = {isa = PBXBuildFile; productRef = F2471EAE2EBCDD4800248DED /* FirebaseCrashlytics */; };
		F2471EB12EBCDD4800248DED /* FirebaseDatabase in Frameworks */ = {isa = PBXBuildFile; productRef = F2471EB02EBCDD4800248DED /* FirebaseDatabase */; };
		F2471EB32EBCDD4800248DED /* FirebaseFirestore in Frameworks */ = {isa = PBXBuildFile; productRef = F2471EB22EBCDD4800248DED /* FirebaseFirestore */; };
		F2471EB52EBCDD4800248DED /* FirebaseFirestoreCombine-Community in Frameworks */ = {isa = PBXBuildFile; productRef = F2471EB42EBCDD4800248DED /* FirebaseFirestoreCombine-Community */; };
		F2471EB72EBCDD4800248DED /* FirebaseFunctions in Frameworks */ = {isa = PBXBuildFile; productRef = F2471EB62EBCDD4800248DED /* FirebaseFunctions */; };
		F2471EB92EBCDD4800248DED /* FirebaseFunctionsCombine-Community in Frameworks */ = {isa = PBXBuildFile; productRef = F2471EB82EBCDD4800248DED /* FirebaseFunctionsCombine-Community */; };
		F2471EBB2EBCDD4800248DED /* FirebaseInAppMessaging-Beta in Frameworks */ = {isa = PBXBuildFile; productRef = F2471EBA2EBCDD4800248DED /* FirebaseInAppMessaging-Beta */; };
		F2471EBD2EBCDD4800248DED /* FirebaseInstallations in Frameworks */ = {isa = PBXBuildFile; productRef = F2471EBC2EBCDD4800248DED /* FirebaseInstallations */; };
		F2471EBF2EBCDD4800248DED /* FirebaseMLModelDownloader in Frameworks */ = {isa = PBXBuildFile; productRef = F2471EBE2EBCDD4800248DED /* FirebaseMLModelDownloader */; };
		F2471EC12EBCDD4800248DED /* FirebaseMessaging in Frameworks */ = {isa = PBXBuildFile; productRef = F2471EC02EBCDD4800248DED /* FirebaseMessaging */; };
		F2471EC32EBCDD4800248DED /* FirebasePerformance in Frameworks */ = {isa = PBXBuildFile; productRef = F2471EC22EBCDD4800248DED /* FirebasePerformance */; };
		F2471EC52EBCDD4800248DED /* FirebaseRemoteConfig in Frameworks */ = {isa = PBXBuildFile; productRef = F2471EC42EBCDD4800248DED /* FirebaseRemoteConfig */; };
		F2471EC72EBCDD4800248DED /* FirebaseStorage in Frameworks */ = {isa = PBXBuildFile; productRef = F2471EC62EBCDD4800248DED /* FirebaseStorage */; };
		F2471EC92EBCDD4800248DED /* FirebaseStorageCombine-Community in Frameworks */ = {isa = PBXBuildFile; productRef = F2471EC82EBCDD4800248DED /* FirebaseStorageCombine-Community */; };
/* End PBXBuildFile section */

/* Begin PBXContainerItemProxy section */
		F2471E7F2EBCD42F00248DED /* PBXContainerItemProxy */ = {
			isa = PBXContainerItemProxy;
			containerPortal = F2471E642EBCD42E00248DED /* Project object */;
			proxyType = 1;
			remoteGlobalIDString = F2471E6B2EBCD42E00248DED;
			remoteInfo = Molho;
		};
		F2471E892EBCD42F00248DED /* PBXContainerItemProxy */ = {
			isa = PBXContainerItemProxy;
			containerPortal = F2471E642EBCD42E00248DED /* Project object */;
			proxyType = 1;
			remoteGlobalIDString = F2471E6B2EBCD42E00248DED;
			remoteInfo = Molho;
		};
/* End PBXContainerItemProxy section */

/* Begin PBXFileReference section */
		F2471E6C2EBCD42E00248DED /* Molho.app */ = {isa = PBXFileReference; explicitFileType = wrapper.application; includeInIndex = 0; path = Molho.app; sourceTree = BUILT_PRODUCTS_DIR; };
		F2471E7E2EBCD42F00248DED /* MolhoTests.xctest */ = {isa = PBXFileReference; explicitFileType = wrapper.cfbundle; includeInIndex = 0; path = MolhoTests.xctest; sourceTree = BUILT_PRODUCTS_DIR; };
		F2471E882EBCD42F00248DED /* MolhoUITests.xctest */ = {isa = PBXFileReference; explicitFileType = wrapper.cfbundle; includeInIndex = 0; path = MolhoUITests.xctest; sourceTree = BUILT_PRODUCTS_DIR; };
/* End PBXFileReference section */

/* Begin PBXFileSystemSynchronizedRootGroup section */
		F2471E6E2EBCD42E00248DED /* Molho */ = {
			isa = PBXFileSystemSynchronizedRootGroup;
			path = Molho;
			sourceTree = "<group>";
		};
		F2471E812EBCD42F00248DED /* MolhoTests */ = {
			isa = PBXFileSystemSynchronizedRootGroup;
			path = MolhoTests;
			sourceTree = "<group>";
		};
		F2471E8B2EBCD42F00248DED /* MolhoUITests */ = {
			isa = PBXFileSystemSynchronizedRootGroup;
			path = MolhoUITests;
			sourceTree = "<group>";
		};
/* End PBXFileSystemSynchronizedRootGroup section */

/* Begin PBXFrameworksBuildPhase section */
		F2471E692EBCD42E00248DED /* Frameworks */ = {
			isa = PBXFrameworksBuildPhase;
			buildActionMask = 2147483647;
			files = (
				F2471EC92EBCDD4800248DED /* FirebaseStorageCombine-Community in Frameworks */,
				F2471EC12EBCDD4800248DED /* FirebaseMessaging in Frameworks */,
				F2471EBF2EBCDD4800248DED /* FirebaseMLModelDownloader in Frameworks */,
				F2471EB12EBCDD4800248DED /* FirebaseDatabase in Frameworks */,
				F2471EA52EBCDD4800248DED /* FirebaseAppCheck in Frameworks */,
				F2471EA92EBCDD4800248DED /* FirebaseAuth in Frameworks */,
				F2471E9F2EBCDD4800248DED /* FirebaseAnalytics in Frameworks */,
				F2471EA72EBCDD4800248DED /* FirebaseAppDistribution-Beta in Frameworks */,
				F2471EA12EBCDD4800248DED /* FirebaseAnalyticsCore in Frameworks */,
				F2471EAB2EBCDD4800248DED /* FirebaseAuthCombine-Community in Frameworks */,
				F2471EB92EBCDD4800248DED /* FirebaseFunctionsCombine-Community in Frameworks */,
				F2471EAF2EBCDD4800248DED /* FirebaseCrashlytics in Frameworks */,
				F2471EC72EBCDD4800248DED /* FirebaseStorage in Frameworks */,
				F2471EAD2EBCDD4800248DED /* FirebaseCore in Frameworks */,
				F2471EB72EBCDD4800248DED /* FirebaseFunctions in Frameworks */,
				F2471EBD2EBCDD4800248DED /* FirebaseInstallations in Frameworks */,
				F2471EC32EBCDD4800248DED /* FirebasePerformance in Frameworks */,
				F2471EB52EBCDD4800248DED /* FirebaseFirestoreCombine-Community in Frameworks */,
				F2471EB32EBCDD4800248DED /* FirebaseFirestore in Frameworks */,
				F2471EA32EBCDD4800248DED /* FirebaseAnalyticsIdentitySupport in Frameworks */,
				F2471EBB2EBCDD4800248DED /* FirebaseInAppMessaging-Beta in Frameworks */,
				F2471EC52EBCDD4800248DED /* FirebaseRemoteConfig in Frameworks */,
			);
			runOnlyForDeploymentPostprocessing = 0;
		};
		F2471E7B2EBCD42F00248DED /* Frameworks */ = {
			isa = PBXFrameworksBuildPhase;
			buildActionMask = 2147483647;
			files = (
			);
			runOnlyForDeploymentPostprocessing = 0;
		};
		F2471E852EBCD42F00248DED /* Frameworks */ = {
			isa = PBXFrameworksBuildPhase;
			buildActionMask = 2147483647;
			files = (
			);
			runOnlyForDeploymentPostprocessing = 0;
		};
/* End PBXFrameworksBuildPhase section */

/* Begin PBXGroup section */
		F2471E632EBCD42E00248DED = {
			isa = PBXGroup;
			children = (
				F2471E6E2EBCD42E00248DED /* Molho */,
				F2471E812EBCD42F00248DED /* MolhoTests */,
				F2471E8B2EBCD42F00248DED /* MolhoUITests */,
				F2471E6D2EBCD42E00248DED /* Products */,
			);
			sourceTree = "<group>";
		};
		F2471E6D2EBCD42E00248DED /* Products */ = {
			isa = PBXGroup;
			children = (
				F2471E6C2EBCD42E00248DED /* Molho.app */,
				F2471E7E2EBCD42F00248DED /* MolhoTests.xctest */,
				F2471E882EBCD42F00248DED /* MolhoUITests.xctest */,
			);
			name = Products;
			sourceTree = "<group>";
		};
/* End PBXGroup section */

/* Begin PBXNativeTarget section */
		F2471E6B2EBCD42E00248DED /* Molho */ = {
			isa = PBXNativeTarget;
			buildConfigurationList = F2471E922EBCD42F00248DED /* Build configuration list for PBXNativeTarget "Molho" */;
			buildPhases = (
				F2471E682EBCD42E00248DED /* Sources */,
				F2471E692EBCD42E00248DED /* Frameworks */,
				F2471E6A2EBCD42E00248DED /* Resources */,
			);
			buildRules = (
			);
			dependencies = (
			);
			fileSystemSynchronizedGroups = (
				F2471E6E2EBCD42E00248DED /* Molho */,
			);
			name = Molho;
			packageProductDependencies = (
				F2471E9E2EBCDD4800248DED /* FirebaseAnalytics */,
				F2471EA02EBCDD4800248DED /* FirebaseAnalyticsCore */,
				F2471EA22EBCDD4800248DED /* FirebaseAnalyticsIdentitySupport */,
				F2471EA42EBCDD4800248DED /* FirebaseAppCheck */,
				F2471EA62EBCDD4800248DED /* FirebaseAppDistribution-Beta */,
				F2471EA82EBCDD4800248DED /* FirebaseAuth */,
				F2471EAA2EBCDD4800248DED /* FirebaseAuthCombine-Community */,
				F2471EAC2EBCDD4800248DED /* FirebaseCore */,
				F2471EAE2EBCDD4800248DED /* FirebaseCrashlytics */,
				F2471EB02EBCDD4800248DED /* FirebaseDatabase */,
				F2471EB22EBCDD4800248DED /* FirebaseFirestore */,
				F2471EB42EBCDD4800248DED /* FirebaseFirestoreCombine-Community */,
				F2471EB62EBCDD4800248DED /* FirebaseFunctions */,
				F2471EB82EBCDD4800248DED /* FirebaseFunctionsCombine-Community */,
				F2471EBA2EBCDD4800248DED /* FirebaseInAppMessaging-Beta */,
				F2471EBC2EBCDD4800248DED /* FirebaseInstallations */,
				F2471EBE2EBCDD4800248DED /* FirebaseMLModelDownloader */,
				F2471EC02EBCDD4800248DED /* FirebaseMessaging */,
				F2471EC22EBCDD4800248DED /* FirebasePerformance */,
				F2471EC42EBCDD4800248DED /* FirebaseRemoteConfig */,
				F2471EC62EBCDD4800248DED /* FirebaseStorage */,
				F2471EC82EBCDD4800248DED /* FirebaseStorageCombine-Community */,
			);
			productName = Molho;
			productReference = F2471E6C2EBCD42E00248DED /* Molho.app */;
			productType = "com.apple.product-type.application";
		};
		F2471E7D2EBCD42F00248DED /* MolhoTests */ = {
			isa = PBXNativeTarget;
			buildConfigurationList = F2471E952EBCD42F00248DED /* Build configuration list for PBXNativeTarget "MolhoTests" */;
			buildPhases = (
				F2471E7A2EBCD42F00248DED /* Sources */,
				F2471E7B2EBCD42F00248DED /* Frameworks */,
				F2471E7C2EBCD42F00248DED /* Resources */,
			);
			buildRules = (
			);
			dependencies = (
				F2471E802EBCD42F00248DED /* PBXTargetDependency */,
			);
			fileSystemSynchronizedGroups = (
				F2471E812EBCD42F00248DED /* MolhoTests */,
			);
			name = MolhoTests;
			packageProductDependencies = (
			);
			productName = MolhoTests;
			productReference = F2471E7E2EBCD42F00248DED /* MolhoTests.xctest */;
			productType = "com.apple.product-type.bundle.unit-test";
		};
		F2471E872EBCD42F00248DED /* MolhoUITests */ = {
			isa = PBXNativeTarget;
			buildConfigurationList = F2471E982EBCD42F00248DED /* Build configuration list for PBXNativeTarget "MolhoUITests" */;
			buildPhases = (
				F2471E842EBCD42F00248DED /* Sources */,
				F2471E852EBCD42F00248DED /* Frameworks */,
				F2471E862EBCD42F00248DED /* Resources */,
			);
			buildRules = (
			);
			dependencies = (
				F2471E8A2EBCD42F00248DED /* PBXTargetDependency */,
			);
			fileSystemSynchronizedGroups = (
				F2471E8B2EBCD42F00248DED /* MolhoUITests */,
			);
			name = MolhoUITests;
			packageProductDependencies = (
			);
			productName = MolhoUITests;
			productReference = F2471E882EBCD42F00248DED /* MolhoUITests.xctest */;
			productType = "com.apple.product-type.bundle.ui-testing";
		};
/* End PBXNativeTarget section */

/* Begin PBXProject section */
		F2471E642EBCD42E00248DED /* Project object */ = {
			isa = PBXProject;
			attributes = {
				BuildIndependentTargetsInParallel = 1;
				LastSwiftUpdateCheck = 2600;
				LastUpgradeCheck = 2600;
				TargetAttributes = {
					F2471E6B2EBCD42E00248DED = {
						CreatedOnToolsVersion = 26.0.1;
					};
					F2471E7D2EBCD42F00248DED = {
						CreatedOnToolsVersion = 26.0.1;
						TestTargetID = F2471E6B2EBCD42E00248DED;
					};
					F2471E872EBCD42F00248DED = {
						CreatedOnToolsVersion = 26.0.1;
						TestTargetID = F2471E6B2EBCD42E00248DED;
					};
				};
			};
			buildConfigurationList = F2471E672EBCD42E00248DED /* Build configuration list for PBXProject "Molho" */;
			developmentRegion = en;
			hasScannedForEncodings = 0;
			knownRegions = (
				en,
				Base,
			);
			mainGroup = F2471E632EBCD42E00248DED;
			minimizedProjectReferenceProxies = 1;
			packageReferences = (
				F2471E9D2EBCDD4800248DED /* XCRemoteSwiftPackageReference "firebase-ios-sdk" */,
			);
			preferredProjectObjectVersion = 77;
			productRefGroup = F2471E6D2EBCD42E00248DED /* Products */;
			projectDirPath = "";
			projectRoot = "";
			targets = (
				F2471E6B2EBCD42E00248DED /* Molho */,
				F2471E7D2EBCD42F00248DED /* MolhoTests */,
				F2471E872EBCD42F00248DED /* MolhoUITests */,
			);
		};
/* End PBXProject section */

/* Begin PBXResourcesBuildPhase section */
		F2471E6A2EBCD42E00248DED /* Resources */ = {
			isa = PBXResourcesBuildPhase;
			buildActionMask = 2147483647;
			files = (
			);
			runOnlyForDeploymentPostprocessing = 0;
		};
		F2471E7C2EBCD42F00248DED /* Resources */ = {
			isa = PBXResourcesBuildPhase;
			buildActionMask = 2147483647;
			files = (
			);
			runOnlyForDeploymentPostprocessing = 0;
		};
		F2471E862EBCD42F00248DED /* Resources */ = {
			isa = PBXResourcesBuildPhase;
			buildActionMask = 2147483647;
			files = (
			);
			runOnlyForDeploymentPostprocessing = 0;
		};
/* End PBXResourcesBuildPhase section */

/* Begin PBXSourcesBuildPhase section */
		F2471E682EBCD42E00248DED /* Sources */ = {
			isa = PBXSourcesBuildPhase;
			buildActionMask = 2147483647;
			files = (
			);
			runOnlyForDeploymentPostprocessing = 0;
		};
		F2471E7A2EBCD42F00248DED /* Sources */ = {
			isa = PBXSourcesBuildPhase;
			buildActionMask = 2147483647;
			files = (
			);
			runOnlyForDeploymentPostprocessing = 0;
		};
		F2471E842EBCD42F00248DED /* Sources */ = {
			isa = PBXSourcesBuildPhase;
			buildActionMask = 2147483647;
			files = (
			);
			runOnlyForDeploymentPostprocessing = 0;
		};
/* End PBXSourcesBuildPhase section */

/* Begin PBXTargetDependency section */
		F2471E802EBCD42F00248DED /* PBXTargetDependency */ = {
			isa = PBXTargetDependency;
			target = F2471E6B2EBCD42E00248DED /* Molho */;
			targetProxy = F2471E7F2EBCD42F00248DED /* PBXContainerItemProxy */;
		};
		F2471E8A2EBCD42F00248DED /* PBXTargetDependency */ = {
			isa = PBXTargetDependency;
			target = F2471E6B2EBCD42E00248DED /* Molho */;
			targetProxy = F2471E892EBCD42F00248DED /* PBXContainerItemProxy */;
		};
/* End PBXTargetDependency section */

/* Begin XCBuildConfiguration section */
		F2471E902EBCD42F00248DED /* Debug */ = {
			isa = XCBuildConfiguration;
			buildSettings = {
				ALWAYS_SEARCH_USER_PATHS = NO;
				ASSETCATALOG_COMPILER_GENERATE_SWIFT_ASSET_SYMBOL_EXTENSIONS = YES;
				CLANG_ANALYZER_NONNULL = YES;
				CLANG_ANALYZER_NUMBER_OBJECT_CONVERSION = YES_AGGRESSIVE;
				CLANG_CXX_LANGUAGE_STANDARD = "gnu++20";
				CLANG_ENABLE_MODULES = YES;
				CLANG_ENABLE_OBJC_ARC = YES;
				CLANG_ENABLE_OBJC_WEAK = YES;
				CLANG_WARN_BLOCK_CAPTURE_AUTORELEASING = YES;
				CLANG_WARN_BOOL_CONVERSION = YES;
				CLANG_WARN_COMMA = YES;
				CLANG_WARN_CONSTANT_CONVERSION = YES;
				CLANG_WARN_DEPRECATED_OBJC_IMPLEMENTATIONS = YES;
				CLANG_WARN_DIRECT_OBJC_ISA_USAGE = YES_ERROR;
				CLANG_WARN_DOCUMENTATION_COMMENTS = YES;
				CLANG_WARN_EMPTY_BODY = YES;
				CLANG_WARN_ENUM_CONVERSION = YES;
				CLANG_WARN_INFINITE_RECURSION = YES;
				CLANG_WARN_INT_CONVERSION = YES;
				CLANG_WARN_NON_LITERAL_NULL_CONVERSION = YES;
				CLANG_WARN_OBJC_IMPLICIT_RETAIN_SELF = YES;
				CLANG_WARN_OBJC_LITERAL_CONVERSION = YES;
				CLANG_WARN_OBJC_ROOT_CLASS = YES_ERROR;
				CLANG_WARN_QUOTED_INCLUDE_IN_FRAMEWORK_HEADER = YES;
				CLANG_WARN_RANGE_LOOP_ANALYSIS = YES;
				CLANG_WARN_STRICT_PROTOTYPES = YES;
				CLANG_WARN_SUSPICIOUS_MOVE = YES;
				CLANG_WARN_UNGUARDED_AVAILABILITY = YES_AGGRESSIVE;
				CLANG_WARN_UNREACHABLE_CODE = YES;
				CLANG_WARN__DUPLICATE_METHOD_MATCH = YES;
				COPY_PHASE_STRIP = NO;
				DEBUG_INFORMATION_FORMAT = dwarf;
				ENABLE_STRICT_OBJC_MSGSEND = YES;
				ENABLE_TESTABILITY = YES;
				ENABLE_USER_SCRIPT_SANDBOXING = YES;
				GCC_C_LANGUAGE_STANDARD = gnu17;
				GCC_DYNAMIC_NO_PIC = NO;
				GCC_NO_COMMON_BLOCKS = YES;
				GCC_OPTIMIZATION_LEVEL = 0;
				GCC_PREPROCESSOR_DEFINITIONS = (
					"DEBUG=1",
					"$(inherited)",
				);
				GCC_WARN_64_TO_32_BIT_CONVERSION = YES;
				GCC_WARN_ABOUT_RETURN_TYPE = YES_ERROR;
				GCC_WARN_UNDECLARED_SELECTOR = YES;
				GCC_WARN_UNINITIALIZED_AUTOS = YES_AGGRESSIVE;
				GCC_WARN_UNUSED_FUNCTION = YES;
				GCC_WARN_UNUSED_VARIABLE = YES;
				IPHONEOS_DEPLOYMENT_TARGET = 26.0;
				LOCALIZATION_PREFERS_STRING_CATALOGS = YES;
				MTL_ENABLE_DEBUG_INFO = INCLUDE_SOURCE;
				MTL_FAST_MATH = YES;
				ONLY_ACTIVE_ARCH = YES;
				SDKROOT = iphoneos;
				SWIFT_ACTIVE_COMPILATION_CONDITIONS = "DEBUG $(inherited)";
				SWIFT_OPTIMIZATION_LEVEL = "-Onone";
			};
			name = Debug;
		};
		F2471E912EBCD42F00248DED /* Release */ = {
			isa = XCBuildConfiguration;
			buildSettings = {
				ALWAYS_SEARCH_USER_PATHS = NO;
				ASSETCATALOG_COMPILER_GENERATE_SWIFT_ASSET_SYMBOL_EXTENSIONS = YES;
				CLANG_ANALYZER_NONNULL = YES;
				CLANG_ANALYZER_NUMBER_OBJECT_CONVERSION = YES_AGGRESSIVE;
				CLANG_CXX_LANGUAGE_STANDARD = "gnu++20";
				CLANG_ENABLE_MODULES = YES;
				CLANG_ENABLE_OBJC_ARC = YES;
				CLANG_ENABLE_OBJC_WEAK = YES;
				CLANG_WARN_BLOCK_CAPTURE_AUTORELEASING = YES;
				CLANG_WARN_BOOL_CONVERSION = YES;
				CLANG_WARN_COMMA = YES;
				CLANG_WARN_CONSTANT_CONVERSION = YES;
				CLANG_WARN_DEPRECATED_OBJC_IMPLEMENTATIONS = YES;
				CLANG_WARN_DIRECT_OBJC_ISA_USAGE = YES_ERROR;
				CLANG_WARN_DOCUMENTATION_COMMENTS = YES;
				CLANG_WARN_EMPTY_BODY = YES;
				CLANG_WARN_ENUM_CONVERSION = YES;
				CLANG_WARN_INFINITE_RECURSION = YES;
				CLANG_WARN_INT_CONVERSION = YES;
				CLANG_WARN_NON_LITERAL_NULL_CONVERSION = YES;
				CLANG_WARN_OBJC_IMPLICIT_RETAIN_SELF = YES;
				CLANG_WARN_OBJC_LITERAL_CONVERSION = YES;
				CLANG_WARN_OBJC_ROOT_CLASS = YES_ERROR;
				CLANG_WARN_QUOTED_INCLUDE_IN_FRAMEWORK_HEADER = YES;
				CLANG_WARN_RANGE_LOOP_ANALYSIS = YES;
				CLANG_WARN_STRICT_PROTOTYPES = YES;
				CLANG_WARN_SUSPICIOUS_MOVE = YES;
				CLANG_WARN_UNGUARDED_AVAILABILITY = YES_AGGRESSIVE;
				CLANG_WARN_UNREACHABLE_CODE = YES;
				CLANG_WARN__DUPLICATE_METHOD_MATCH = YES;
				COPY_PHASE_STRIP = NO;
				DEBUG_INFORMATION_FORMAT = "dwarf-with-dsym";
				ENABLE_NS_ASSERTIONS = NO;
				ENABLE_STRICT_OBJC_MSGSEND = YES;
				ENABLE_USER_SCRIPT_SANDBOXING = YES;
				GCC_C_LANGUAGE_STANDARD = gnu17;
				GCC_NO_COMMON_BLOCKS = YES;
				GCC_WARN_64_TO_32_BIT_CONVERSION = YES;
				GCC_WARN_ABOUT_RETURN_TYPE = YES_ERROR;
				GCC_WARN_UNDECLARED_SELECTOR = YES;
				GCC_WARN_UNINITIALIZED_AUTOS = YES_AGGRESSIVE;
				GCC_WARN_UNUSED_FUNCTION = YES;
				GCC_WARN_UNUSED_VARIABLE = YES;
				IPHONEOS_DEPLOYMENT_TARGET = 26.0;
				LOCALIZATION_PREFERS_STRING_CATALOGS = YES;
				MTL_ENABLE_DEBUG_INFO = NO;
				MTL_FAST_MATH = YES;
				SDKROOT = iphoneos;
				SWIFT_COMPILATION_MODE = wholemodule;
				VALIDATE_PRODUCT = YES;
			};
			name = Release;
		};
		F2471E932EBCD42F00248DED /* Debug */ = {
			isa = XCBuildConfiguration;
			buildSettings = {
				ASSETCATALOG_COMPILER_APPICON_NAME = AppIcon;
				ASSETCATALOG_COMPILER_GLOBAL_ACCENT_COLOR_NAME = AccentColor;
				CODE_SIGN_STYLE = Automatic;
				CURRENT_PROJECT_VERSION = 1;
				ENABLE_PREVIEWS = YES;
				GENERATE_INFOPLIST_FILE = YES;
				INFOPLIST_KEY_UIApplicationSceneManifest_Generation = YES;
				INFOPLIST_KEY_UIApplicationSupportsIndirectInputEvents = YES;
				INFOPLIST_KEY_UILaunchScreen_Generation = YES;
				INFOPLIST_KEY_UISupportedInterfaceOrientations_iPad = "UIInterfaceOrientationPortrait UIInterfaceOrientationPortraitUpsideDown UIInterfaceOrientationLandscapeLeft UIInterfaceOrientationLandscapeRight";
				INFOPLIST_KEY_UISupportedInterfaceOrientations_iPhone = "UIInterfaceOrientationPortrait UIInterfaceOrientationLandscapeLeft UIInterfaceOrientationLandscapeRight";
				LD_RUNPATH_SEARCH_PATHS = (
					"$(inherited)",
					"@executable_path/Frameworks",
				);
				MARKETING_VERSION = 1.0;
				PRODUCT_BUNDLE_IDENTIFIER = molho.review.Molho;
				PRODUCT_NAME = "$(TARGET_NAME)";
				STRING_CATALOG_GENERATE_SYMBOLS = YES;
				SWIFT_APPROACHABLE_CONCURRENCY = YES;
				SWIFT_DEFAULT_ACTOR_ISOLATION = MainActor;
				SWIFT_EMIT_LOC_STRINGS = YES;
				SWIFT_UPCOMING_FEATURE_MEMBER_IMPORT_VISIBILITY = YES;
				SWIFT_VERSION = 5.0;
				TARGETED_DEVICE_FAMILY = "1,2";
			};
			name = Debug;
		};
		F2471E942EBCD42F00248DED /* Release */ = {
			isa = XCBuildConfiguration;
			buildSettings = {
				ASSETCATALOG_COMPILER_APPICON_NAME = AppIcon;
				ASSETCATALOG_COMPILER_GLOBAL_ACCENT_COLOR_NAME = AccentColor;
				CODE_SIGN_STYLE = Automatic;
				CURRENT_PROJECT_VERSION = 1;
				ENABLE_PREVIEWS = YES;
				GENERATE_INFOPLIST_FILE = YES;
				INFOPLIST_KEY_UIApplicationSceneManifest_Generation = YES;
				INFOPLIST_KEY_UIApplicationSupportsIndirectInputEvents = YES;
				INFOPLIST_KEY_UILaunchScreen_Generation = YES;
				INFOPLIST_KEY_UISupportedInterfaceOrientations_iPad = "UIInterfaceOrientationPortrait UIInterfaceOrientationPortraitUpsideDown UIInterfaceOrientationLandscapeLeft UIInterfaceOrientationLandscapeRight";
				INFOPLIST_KEY_UISupportedInterfaceOrientations_iPhone = "UIInterfaceOrientationPortrait UIInterfaceOrientationLandscapeLeft UIInterfaceOrientationLandscapeRight";
				LD_RUNPATH_SEARCH_PATHS = (
					"$(inherited)",
					"@executable_path/Frameworks",
				);
				MARKETING_VERSION = 1.0;
				PRODUCT_BUNDLE_IDENTIFIER = molho.review.Molho;
				PRODUCT_NAME = "$(TARGET_NAME)";
				STRING_CATALOG_GENERATE_SYMBOLS = YES;
				SWIFT_APPROACHABLE_CONCURRENCY = YES;
				SWIFT_DEFAULT_ACTOR_ISOLATION = MainActor;
				SWIFT_EMIT_LOC_STRINGS = YES;
				SWIFT_UPCOMING_FEATURE_MEMBER_IMPORT_VISIBILITY = YES;
				SWIFT_VERSION = 5.0;
				TARGETED_DEVICE_FAMILY = "1,2";
			};
			name = Release;
		};
		F2471E962EBCD42F00248DED /* Debug */ = {
			isa = XCBuildConfiguration;
			buildSettings = {
				BUNDLE_LOADER = "$(TEST_HOST)";
				CODE_SIGN_STYLE = Automatic;
				CURRENT_PROJECT_VERSION = 1;
				GENERATE_INFOPLIST_FILE = YES;
				IPHONEOS_DEPLOYMENT_TARGET = 26.0;
				MARKETING_VERSION = 1.0;
				PRODUCT_BUNDLE_IDENTIFIER = molho.review.MolhoTests;
				PRODUCT_NAME = "$(TARGET_NAME)";
				STRING_CATALOG_GENERATE_SYMBOLS = NO;
				SWIFT_APPROACHABLE_CONCURRENCY = YES;
				SWIFT_EMIT_LOC_STRINGS = NO;
				SWIFT_UPCOMING_FEATURE_MEMBER_IMPORT_VISIBILITY = YES;
				SWIFT_VERSION = 5.0;
				TARGETED_DEVICE_FAMILY = "1,2";
				TEST_HOST = "$(BUILT_PRODUCTS_DIR)/Molho.app/$(BUNDLE_EXECUTABLE_FOLDER_PATH)/Molho";
			};
			name = Debug;
		};
		F2471E972EBCD42F00248DED /* Release */ = {
			isa = XCBuildConfiguration;
			buildSettings = {
				BUNDLE_LOADER = "$(TEST_HOST)";
				CODE_SIGN_STYLE = Automatic;
				CURRENT_PROJECT_VERSION = 1;
				GENERATE_INFOPLIST_FILE = YES;
				IPHONEOS_DEPLOYMENT_TARGET = 26.0;
				MARKETING_VERSION = 1.0;
				PRODUCT_BUNDLE_IDENTIFIER = molho.review.MolhoTests;
				PRODUCT_NAME = "$(TARGET_NAME)";
				STRING_CATALOG_GENERATE_SYMBOLS = NO;
				SWIFT_APPROACHABLE_CONCURRENCY = YES;
				SWIFT_EMIT_LOC_STRINGS = NO;
				SWIFT_UPCOMING_FEATURE_MEMBER_IMPORT_VISIBILITY = YES;
				SWIFT_VERSION = 5.0;
				TARGETED_DEVICE_FAMILY = "1,2";
				TEST_HOST = "$(BUILT_PRODUCTS_DIR)/Molho.app/$(BUNDLE_EXECUTABLE_FOLDER_PATH)/Molho";
			};
			name = Release;
		};
		F2471E992EBCD42F00248DED /* Debug */ = {
			isa = XCBuildConfiguration;
			buildSettings = {
				CODE_SIGN_STYLE = Automatic;
				CURRENT_PROJECT_VERSION = 1;
				GENERATE_INFOPLIST_FILE = YES;
				MARKETING_VERSION = 1.0;
				PRODUCT_BUNDLE_IDENTIFIER = molho.review.MolhoUITests;
				PRODUCT_NAME = "$(TARGET_NAME)";
				STRING_CATALOG_GENERATE_SYMBOLS = NO;
				SWIFT_APPROACHABLE_CONCURRENCY = YES;
				SWIFT_EMIT_LOC_STRINGS = NO;
				SWIFT_UPCOMING_FEATURE_MEMBER_IMPORT_VISIBILITY = YES;
				SWIFT_VERSION = 5.0;
				TARGETED_DEVICE_FAMILY = "1,2";
				TEST_TARGET_NAME = Molho;
			};
			name = Debug;
		};
		F2471E9A2EBCD42F00248DED /* Release */ = {
			isa = XCBuildConfiguration;
			buildSettings = {
				CODE_SIGN_STYLE = Automatic;
				CURRENT_PROJECT_VERSION = 1;
				GENERATE_INFOPLIST_FILE = YES;
				MARKETING_VERSION = 1.0;
				PRODUCT_BUNDLE_IDENTIFIER = molho.review.MolhoUITests;
				PRODUCT_NAME = "$(TARGET_NAME)";
				STRING_CATALOG_GENERATE_SYMBOLS = NO;
				SWIFT_APPROACHABLE_CONCURRENCY = YES;
				SWIFT_EMIT_LOC_STRINGS = NO;
				SWIFT_UPCOMING_FEATURE_MEMBER_IMPORT_VISIBILITY = YES;
				SWIFT_VERSION = 5.0;
				TARGETED_DEVICE_FAMILY = "1,2";
				TEST_TARGET_NAME = Molho;
			};
			name = Release;
		};
/* End XCBuildConfiguration section */

/* Begin XCConfigurationList section */
		F2471E672EBCD42E00248DED /* Build configuration list for PBXProject "Molho" */ = {
			isa = XCConfigurationList;
			buildConfigurations = (
				F2471E902EBCD42F00248DED /* Debug */,
				F2471E912EBCD42F00248DED /* Release */,
			);
			defaultConfigurationIsVisible = 0;
			defaultConfigurationName = Release;
		};
		F2471E922EBCD42F00248DED /* Build configuration list for PBXNativeTarget "Molho" */ = {
			isa = XCConfigurationList;
			buildConfigurations = (
				F2471E932EBCD42F00248DED /* Debug */,
				F2471E942EBCD42F00248DED /* Release */,
			);
			defaultConfigurationIsVisible = 0;
			defaultConfigurationName = Release;
		};
		F2471E952EBCD42F00248DED /* Build configuration list for PBXNativeTarget "MolhoTests" */ = {
			isa = XCConfigurationList;
			buildConfigurations = (
				F2471E962EBCD42F00248DED /* Debug */,
				F2471E972EBCD42F00248DED /* Release */,
			);
			defaultConfigurationIsVisible = 0;
			defaultConfigurationName = Release;
		};
		F2471E982EBCD42F00248DED /* Build configuration list for PBXNativeTarget "MolhoUITests" */ = {
			isa = XCConfigurationList;
			buildConfigurations = (
				F2471E992EBCD42F00248DED /* Debug */,
				F2471E9A2EBCD42F00248DED /* Release */,
			);
			defaultConfigurationIsVisible = 0;
			defaultConfigurationName = Release;
		};
/* End XCConfigurationList section */

/* Begin XCRemoteSwiftPackageReference section */
		F2471E9D2EBCDD4800248DED /* XCRemoteSwiftPackageReference "firebase-ios-sdk" */ = {
			isa = XCRemoteSwiftPackageReference;
			repositoryURL = "https://github.com/firebase/firebase-ios-sdk";
			requirement = {
				kind = upToNextMajorVersion;
				minimumVersion = 12.5.0;
			};
		};
/* End XCRemoteSwiftPackageReference section */

/* Begin XCSwiftPackageProductDependency section */
		F2471E9E2EBCDD4800248DED /* FirebaseAnalytics */ = {
			isa = XCSwiftPackageProductDependency;
			package = F2471E9D2EBCDD4800248DED /* XCRemoteSwiftPackageReference "firebase-ios-sdk" */;
			productName = FirebaseAnalytics;
		};
		F2471EA02EBCDD4800248DED /* FirebaseAnalyticsCore */ = {
			isa = XCSwiftPackageProductDependency;
			package = F2471E9D2EBCDD4800248DED /* XCRemoteSwiftPackageReference "firebase-ios-sdk" */;
			productName = FirebaseAnalyticsCore;
		};
		F2471EA22EBCDD4800248DED /* FirebaseAnalyticsIdentitySupport */ = {
			isa = XCSwiftPackageProductDependency;
			package = F2471E9D2EBCDD4800248DED /* XCRemoteSwiftPackageReference "firebase-ios-sdk" */;
			productName = FirebaseAnalyticsIdentitySupport;
		};
		F2471EA42EBCDD4800248DED /* FirebaseAppCheck */ = {
			isa = XCSwiftPackageProductDependency;
			package = F2471E9D2EBCDD4800248DED /* XCRemoteSwiftPackageReference "firebase-ios-sdk" */;
			productName = FirebaseAppCheck;
		};
		F2471EA62EBCDD4800248DED /* FirebaseAppDistribution-Beta */ = {
			isa = XCSwiftPackageProductDependency;
			package = F2471E9D2EBCDD4800248DED /* XCRemoteSwiftPackageReference "firebase-ios-sdk" */;
			productName = "FirebaseAppDistribution-Beta";
		};
		F2471EA82EBCDD4800248DED /* FirebaseAuth */ = {
			isa = XCSwiftPackageProductDependency;
			package = F2471E9D2EBCDD4800248DED /* XCRemoteSwiftPackageReference "firebase-ios-sdk" */;
			productName = FirebaseAuth;
		};
		F2471EAA2EBCDD4800248DED /* FirebaseAuthCombine-Community */ = {
			isa = XCSwiftPackageProductDependency;
			package = F2471E9D2EBCDD4800248DED /* XCRemoteSwiftPackageReference "firebase-ios-sdk" */;
			productName = "FirebaseAuthCombine-Community";
		};
		F2471EAC2EBCDD4800248DED /* FirebaseCore */ = {
			isa = XCSwiftPackageProductDependency;
			package = F2471E9D2EBCDD4800248DED /* XCRemoteSwiftPackageReference "firebase-ios-sdk" */;
			productName = FirebaseCore;
		};
		F2471EAE2EBCDD4800248DED /* FirebaseCrashlytics */ = {
			isa = XCSwiftPackageProductDependency;
			package = F2471E9D2EBCDD4800248DED /* XCRemoteSwiftPackageReference "firebase-ios-sdk" */;
			productName = FirebaseCrashlytics;
		};
		F2471EB02EBCDD4800248DED /* FirebaseDatabase */ = {
			isa = XCSwiftPackageProductDependency;
			package = F2471E9D2EBCDD4800248DED /* XCRemoteSwiftPackageReference "firebase-ios-sdk" */;
			productName = FirebaseDatabase;
		};
		F2471EB22EBCDD4800248DED /* FirebaseFirestore */ = {
			isa = XCSwiftPackageProductDependency;
			package = F2471E9D2EBCDD4800248DED /* XCRemoteSwiftPackageReference "firebase-ios-sdk" */;
			productName = FirebaseFirestore;
		};
		F2471EB42EBCDD4800248DED /* FirebaseFirestoreCombine-Community */ = {
			isa = XCSwiftPackageProductDependency;
			package = F2471E9D2EBCDD4800248DED /* XCRemoteSwiftPackageReference "firebase-ios-sdk" */;
			productName = "FirebaseFirestoreCombine-Community";
		};
		F2471EB62EBCDD4800248DED /* FirebaseFunctions */ = {
			isa = XCSwiftPackageProductDependency;
			package = F2471E9D2EBCDD4800248DED /* XCRemoteSwiftPackageReference "firebase-ios-sdk" */;
			productName = FirebaseFunctions;
		};
		F2471EB82EBCDD4800248DED /* FirebaseFunctionsCombine-Community */ = {
			isa = XCSwiftPackageProductDependency;
			package = F2471E9D2EBCDD4800248DED /* XCRemoteSwiftPackageReference "firebase-ios-sdk" */;
			productName = "FirebaseFunctionsCombine-Community";
		};
		F2471EBA2EBCDD4800248DED /* FirebaseInAppMessaging-Beta */ = {
			isa = XCSwiftPackageProductDependency;
			package = F2471E9D2EBCDD4800248DED /* XCRemoteSwiftPackageReference "firebase-ios-sdk" */;
			productName = "FirebaseInAppMessaging-Beta";
		};
		F2471EBC2EBCDD4800248DED /* FirebaseInstallations */ = {
			isa = XCSwiftPackageProductDependency;
			package = F2471E9D2EBCDD4800248DED /* XCRemoteSwiftPackageReference "firebase-ios-sdk" */;
			productName = FirebaseInstallations;
		};
		F2471EBE2EBCDD4800248DED /* FirebaseMLModelDownloader */ = {
			isa = XCSwiftPackageProductDependency;
			package = F2471E9D2EBCDD4800248DED /* XCRemoteSwiftPackageReference "firebase-ios-sdk" */;
			productName = FirebaseMLModelDownloader;
		};
		F2471EC02EBCDD4800248DED /* FirebaseMessaging */ = {
			isa = XCSwiftPackageProductDependency;
			package = F2471E9D2EBCDD4800248DED /* XCRemoteSwiftPackageReference "firebase-ios-sdk" */;
			productName = FirebaseMessaging;
		};
		F2471EC22EBCDD4800248DED /* FirebasePerformance */ = {
			isa = XCSwiftPackageProductDependency;
			package = F2471E9D2EBCDD4800248DED /* XCRemoteSwiftPackageReference "firebase-ios-sdk" */;
			productName = FirebasePerformance;
		};
		F2471EC42EBCDD4800248DED /* FirebaseRemoteConfig */ = {
			isa = XCSwiftPackageProductDependency;
			package = F2471E9D2EBCDD4800248DED /* XCRemoteSwiftPackageReference "firebase-ios-sdk" */;
			productName = FirebaseRemoteConfig;
		};
		F2471EC62EBCDD4800248DED /* FirebaseStorage */ = {
			isa = XCSwiftPackageProductDependency;
			package = F2471E9D2EBCDD4800248DED /* XCRemoteSwiftPackageReference "firebase-ios-sdk" */;
			productName = FirebaseStorage;
		};
		F2471EC82EBCDD4800248DED /* FirebaseStorageCombine-Community */ = {
			isa = XCSwiftPackageProductDependency;
			package = F2471E9D2EBCDD4800248DED /* XCRemoteSwiftPackageReference "firebase-ios-sdk" */;
			productName = "FirebaseStorageCombine-Community";
		};
/* End XCSwiftPackageProductDependency section */
	};
	rootObject = F2471E642EBCD42E00248DED /* Project object */;
}
